
Microsoft Visual Studio Solution File, Format Version 12.00
# Visual Studio Version 17
VisualStudioVersion = 17.5.002.0
MinimumVisualStudioVersion = 10.0.40219.1
Project("{9A19103F-16F7-4668-BE54-9A1E7A4F7556}") = "Http", "Http.csproj", "{CF103404-4DEB-4C41-A246-27D22A67E364}"
EndProject
Global
	GlobalSection(SolutionConfigurationPlatforms) = preSolution
		Debug|Any CPU = Debug|Any CPU
		Release|Any CPU = Release|Any CPU
	EndGlobalSection
	GlobalSection(ProjectConfigurationPlatforms) = postSolution
		{CF103404-4DEB-4C41-A246-27D22A67E364}.Debug|Any CPU.ActiveCfg = Debug|Any CPU
		{CF103404-4DEB-4C41-A246-27D22A67E364}.Debug|Any CPU.Build.0 = Debug|Any CPU
		{CF103404-4DEB-4C41-A246-27D22A67E364}.Release|Any CPU.ActiveCfg = Release|Any CPU
		{CF103404-4DEB-4C41-A246-27D22A67E364}.Release|Any CPU.Build.0 = Release|Any CPU
	EndGlobalSection
	GlobalSection(SolutionProperties) = preSolution
		HideSolutionNode = FALSE
	EndGlobalSection
	GlobalSection(ExtensibilityGlobals) = postSolution
		SolutionGuid = {5E2A3F54-91E7-47BE-9BD9-C0C2E33FCE34}
	EndGlobalSection
EndGlobal
